
Microsoft Visual Studio Solution File, Format Version 12.00
# Visual Studio Version 16
VisualStudioVersion = 16.0.31702.278
MinimumVisualStudioVersion = 10.0.40219.1
Project("{FAE04EC0-301F-11D3-BF4B-00C04F79EFBC}") = "LongRunningOperationsSample", "LongRunningOperationsSample\LongRunningOperationsSample.csproj", "{AC0E5841-379A-47BD-B307-70F350FA6FB9}"
EndProject
Global
	GlobalSection(SolutionConfigurationPlatforms) = preSolution
		Debug|Any CPU = Debug|Any CPU
		Release|Any CPU = Release|Any CPU
	EndGlobalSection
	GlobalSection(ProjectConfigurationPlatforms) = postSolution
		{AC0E5841-379A-47BD-B307-70F350FA6FB9}.Debug|Any CPU.ActiveCfg = Debug|Any CPU
		{AC0E5841-379A-47BD-B307-70F350FA6FB9}.Debug|Any CPU.Build.0 = Debug|Any CPU
		{AC0E5841-379A-47BD-B307-70F350FA6FB9}.Release|Any CPU.ActiveCfg = Release|Any CPU
		{AC0E5841-379A-47BD-B307-70F350FA6FB9}.Release|Any CPU.Build.0 = Release|Any CPU
	EndGlobalSection
	GlobalSection(SolutionProperties) = preSolution
		HideSolutionNode = FALSE
	EndGlobalSection
	GlobalSection(ExtensibilityGlobals) = postSolution
		SolutionGuid = {FAA50FF8-B937-4267-813E-015A8332AF9B}
	EndGlobalSection
EndGlobal
